{
  "version": 4,
  "terraform_version": "0.12.26",
  "serial": 1,
  "lineage": "69163a0f-090e-f975-a454-831b39ba8112",
  "outputs": {},
  "resources": [
    {
      "mode": "data",
      "type": "azurerm_client_config",
      "name": "current",
      "provider": "provider.azurerm",
      "instances": [
        {
          "schema_version": 0,
          "attributes": {
            "client_id": "90ed0100-cbdd-4c6b-b7f7-3f2e0422e031",
            "id": "2020-06-18 17:44:44.3821453 +0000 UTC",
            "object_id": "bb294f5d-fece-4d3a-a187-7f98cb64e478",
            "subscription_id": "c00dd93b-0f2b-4cd6-8273-e1038dcbd60e",
            "tenant_id": "4e1ed7ae-062e-4ec8-b989-de8cbd452c54",
            "timeouts": null
          }
        }
      ]
    },
    {
      "mode": "managed",
      "type": "azuread_group",
      "name": "Subscription_Contributors",
      "provider": "provider.azuread",
      "instances": [
        {
          "schema_version": 0,
          "attributes": {
            "description": null,
            "id": "d3ae9259-7c2c-4368-a12e-f1ad7423ac87",
            "members": [],
            "name": "ScSc-CIO-Contributors",
            "object_id": "d3ae9259-7c2c-4368-a12e-f1ad7423ac87",
            "owners": [
              "446fe20e-1b5c-45fc-a04e-5ae7cfb66684",
              "d4decfde-8300-4fa4-aa36-7c22bf22a868"
            ]
          },
          "private": "bnVsbA=="
        }
      ]
    },
    {
      "mode": "managed",
      "type": "azurerm_storage_account",
      "name": "storage",
      "provider": "provider.azurerm",
      "instances": []
    },
    {
      "mode": "managed",
      "type": "azurerm_storage_container",
      "name": "state",
      "provider": "provider.azurerm",
      "instances": []
    }
  ]
}
