{
  "version": 4,
  "terraform_version": "0.12.26",
  "serial": 8,
  "lineage": "69163a0f-090e-f975-a454-831b39ba8112",
  "outputs": {
    "access_key": {
      "value": "\"kheUw7qJui/DLuK4uua5/MiEVaMXmHI+T65tVZAQgist7AyptdagA6e5i2wmc1GET8Qn+OUv/CymWV74OlJh7Q==\"",
      "type": "string"
    },
    "container_name": {
      "value": "\"scsc-cio-eslz-tfstate\"",
      "type": "string"
    },
    "storage_account_name": {
      "value": "\"scscciocsaterrab55stg\"",
      "type": "string"
    }
  },
  "resources": [
    {
      "mode": "data",
      "type": "azurerm_client_config",
      "name": "current",
      "provider": "provider.azurerm",
      "instances": [
        {
          "schema_version": 0,
          "attributes": {
            "client_id": "90ed0100-cbdd-4c6b-b7f7-3f2e0422e031",
            "id": "2020-06-18 20:54:11.7648962 +0000 UTC",
            "object_id": "bb294f5d-fece-4d3a-a187-7f98cb64e478",
            "subscription_id": "c00dd93b-0f2b-4cd6-8273-e1038dcbd60e",
            "tenant_id": "4e1ed7ae-062e-4ec8-b989-de8cbd452c54",
            "timeouts": null
          }
        }
      ]
    },
    {
      "mode": "managed",
      "type": "azurerm_resource_group",
      "name": "Storage-rg",
      "provider": "provider.azurerm",
      "instances": [
        {
          "schema_version": 0,
          "attributes": {
            "id": "/subscriptions/c00dd93b-0f2b-4cd6-8273-e1038dcbd60e/resourceGroups/ScSc-CIO_ESLZ_Storage-rg",
            "location": "canadacentral",
            "name": "ScSc-CIO_ESLZ_Storage-rg",
            "tags": {
              "branch": "CIO",
              "classification": "pbmm",
              "cloudusageprofile": "3",
              "contact": "bernard.maltais@canada.ca; john.nephin@canada.ca",
              "costcentre": "566811",
              "env": "sandbox",
              "owner": "bernard.maltais@canada.ca; john.nephin@canada.ca"
            },
            "timeouts": null
          },
          "private": "eyJlMmJmYjczMC1lY2FhLTExZTYtOGY4OC0zNDM2M2JjN2M0YzAiOnsiY3JlYXRlIjo1NDAwMDAwMDAwMDAwLCJkZWxldGUiOjU0MDAwMDAwMDAwMDAsInJlYWQiOjMwMDAwMDAwMDAwMCwidXBkYXRlIjo1NDAwMDAwMDAwMDAwfX0="
        }
      ]
    },
    {
      "mode": "managed",
      "type": "azurerm_storage_account",
      "name": "storage",
      "provider": "provider.azurerm",
      "instances": [
        {
          "schema_version": 2,
          "attributes": {
            "access_tier": "Hot",
            "account_kind": "StorageV2",
            "account_replication_type": "LRS",
            "account_tier": "Standard",
            "blob_properties": [],
            "custom_domain": [],
            "enable_https_traffic_only": true,
            "id": "/subscriptions/c00dd93b-0f2b-4cd6-8273-e1038dcbd60e/resourceGroups/ScSc-CIO_ESLZ_Storage-rg/providers/Microsoft.Storage/storageAccounts/scscciocsaterrab55stg",
            "identity": [],
            "is_hns_enabled": false,
            "location": "canadacentral",
            "name": "scscciocsaterrab55stg",
            "network_rules": [
              {
                "bypass": [
                  "AzureServices"
                ],
                "default_action": "Allow",
                "ip_rules": [],
                "virtual_network_subnet_ids": []
              }
            ],
            "primary_access_key": "kheUw7qJui/DLuK4uua5/MiEVaMXmHI+T65tVZAQgist7AyptdagA6e5i2wmc1GET8Qn+OUv/CymWV74OlJh7Q==",
            "primary_blob_connection_string": "DefaultEndpointsProtocol=https;BlobEndpoint=https://scscciocsaterrab55stg.blob.core.windows.net/;AccountName=scscciocsaterrab55stg;AccountKey=kheUw7qJui/DLuK4uua5/MiEVaMXmHI+T65tVZAQgist7AyptdagA6e5i2wmc1GET8Qn+OUv/CymWV74OlJh7Q==",
            "primary_blob_endpoint": "https://scscciocsaterrab55stg.blob.core.windows.net/",
            "primary_blob_host": "scscciocsaterrab55stg.blob.core.windows.net",
            "primary_connection_string": "DefaultEndpointsProtocol=https;AccountName=scscciocsaterrab55stg;AccountKey=kheUw7qJui/DLuK4uua5/MiEVaMXmHI+T65tVZAQgist7AyptdagA6e5i2wmc1GET8Qn+OUv/CymWV74OlJh7Q==;EndpointSuffix=core.windows.net",
            "primary_dfs_endpoint": "https://scscciocsaterrab55stg.dfs.core.windows.net/",
            "primary_dfs_host": "scscciocsaterrab55stg.dfs.core.windows.net",
            "primary_file_endpoint": "https://scscciocsaterrab55stg.file.core.windows.net/",
            "primary_file_host": "scscciocsaterrab55stg.file.core.windows.net",
            "primary_location": "canadacentral",
            "primary_queue_endpoint": "https://scscciocsaterrab55stg.queue.core.windows.net/",
            "primary_queue_host": "scscciocsaterrab55stg.queue.core.windows.net",
            "primary_table_endpoint": "https://scscciocsaterrab55stg.table.core.windows.net/",
            "primary_table_host": "scscciocsaterrab55stg.table.core.windows.net",
            "primary_web_endpoint": "https://scscciocsaterrab55stg.z9.web.core.windows.net/",
            "primary_web_host": "scscciocsaterrab55stg.z9.web.core.windows.net",
            "queue_properties": [
              {
                "cors_rule": [],
                "hour_metrics": [
                  {
                    "enabled": true,
                    "include_apis": true,
                    "retention_policy_days": 7,
                    "version": "1.0"
                  }
                ],
                "logging": [
                  {
                    "delete": false,
                    "read": false,
                    "retention_policy_days": 0,
                    "version": "1.0",
                    "write": false
                  }
                ],
                "minute_metrics": [
                  {
                    "enabled": false,
                    "include_apis": false,
                    "retention_policy_days": 0,
                    "version": "1.0"
                  }
                ]
              }
            ],
            "resource_group_name": "ScSc-CIO_ESLZ_Storage-rg",
            "secondary_access_key": "BkUrYxse1G5tsssIpHER/qptMOKJxyS5e54KceRKPuk2pjT8bUodJDlY1l0J5KJnxLgDfkLo42hYzgKAX1S7HA==",
            "secondary_blob_connection_string": "",
            "secondary_blob_endpoint": null,
            "secondary_blob_host": null,
            "secondary_connection_string": "DefaultEndpointsProtocol=https;AccountName=scscciocsaterrab55stg;AccountKey=BkUrYxse1G5tsssIpHER/qptMOKJxyS5e54KceRKPuk2pjT8bUodJDlY1l0J5KJnxLgDfkLo42hYzgKAX1S7HA==;EndpointSuffix=core.windows.net",
            "secondary_dfs_endpoint": null,
            "secondary_dfs_host": null,
            "secondary_file_endpoint": null,
            "secondary_file_host": null,
            "secondary_location": "",
            "secondary_queue_endpoint": null,
            "secondary_queue_host": null,
            "secondary_table_endpoint": null,
            "secondary_table_host": null,
            "secondary_web_endpoint": null,
            "secondary_web_host": null,
            "static_website": [],
            "tags": {
              "branch": "CIO",
              "classification": "pbmm",
              "cloudusageprofile": "3",
              "contact": "bernard.maltais@canada.ca; john.nephin@canada.ca",
              "costcentre": "566811",
              "env": "sandbox",
              "owner": "bernard.maltais@canada.ca; john.nephin@canada.ca"
            },
            "timeouts": null
          },
          "private": "eyJlMmJmYjczMC1lY2FhLTExZTYtOGY4OC0zNDM2M2JjN2M0YzAiOnsiY3JlYXRlIjozNjAwMDAwMDAwMDAwLCJkZWxldGUiOjM2MDAwMDAwMDAwMDAsInJlYWQiOjMwMDAwMDAwMDAwMCwidXBkYXRlIjozNjAwMDAwMDAwMDAwfSwic2NoZW1hX3ZlcnNpb24iOiIyIn0=",
          "dependencies": [
            "azurerm_resource_group.Storage-rg"
          ]
        }
      ]
    },
    {
      "mode": "managed",
      "type": "azurerm_storage_container",
      "name": "state",
      "provider": "provider.azurerm",
      "instances": [
        {
          "schema_version": 1,
          "attributes": {
            "container_access_type": "private",
            "has_immutability_policy": false,
            "has_legal_hold": false,
            "id": "https://scscciocsaterrab55stg.blob.core.windows.net/scsc-cio-eslz-tfstate",
            "metadata": {},
            "name": "scsc-cio-eslz-tfstate",
            "resource_manager_id": "/subscriptions/c00dd93b-0f2b-4cd6-8273-e1038dcbd60e/resourceGroups/ScSc-CIO_ESLZ_Storage-rg/providers/Microsoft.Storage/storageAccounts/scscciocsaterrab55stg/blobServices/default/containers/scsc-cio-eslz-tfstate",
            "storage_account_name": "scscciocsaterrab55stg",
            "timeouts": null
          },
          "private": "eyJlMmJmYjczMC1lY2FhLTExZTYtOGY4OC0zNDM2M2JjN2M0YzAiOnsiY3JlYXRlIjoxODAwMDAwMDAwMDAwLCJkZWxldGUiOjE4MDAwMDAwMDAwMDAsInJlYWQiOjMwMDAwMDAwMDAwMCwidXBkYXRlIjoxODAwMDAwMDAwMDAwfSwic2NoZW1hX3ZlcnNpb24iOiIxIn0=",
          "dependencies": [
            "azurerm_resource_group.Storage-rg",
            "azurerm_storage_account.storage"
          ]
        }
      ]
    }
  ]
}
